
Microsoft Visual Studio Solution File, Format Version 12.00
# Visual Studio Version 17
VisualStudioVersion = 17.11.35312.102
MinimumVisualStudioVersion = 10.0.40219.1
Project("{2150E333-8FDC-42A3-9474-1A3956D46DE8}") = "Task 0", "Task 0", "{41C6A7EF-3987-4337-BC29-9D51D0141D86}"
EndProject
Project("{9A19103F-16F7-4668-BE54-9A1E7A4F7556}") = "Tyuiu.MironenkoSE.Sprint6.Task0.V13.Lib", "Tyuiu.MironenkoSE.Sprint6.Task0.V13.Lib\Tyuiu.MironenkoSE.Sprint6.Task0.V13.Lib.csproj", "{822875B6-6BAE-48D4-A209-AE9A7B21AA4D}"
EndProject
Project("{9A19103F-16F7-4668-BE54-9A1E7A4F7556}") = "Tyuiu.MironenkoSE.Sprint6.Task0.V13.Test", "Tyuiu.MironenkoSE.Sprint6.Task0.V13.Test\Tyuiu.MironenkoSE.Sprint6.Task0.V13.Test.csproj", "{D82A7AC7-1FB9-4753-AD33-6D288674640F}"
EndProject
Project("{FAE04EC0-301F-11D3-BF4B-00C04F79EFBC}") = "Tyuiu.MironenkoSE.Sprint6.Task0.V13", "Tyuiu.MironenkoSE.Sprint6.Task0.V13\Tyuiu.MironenkoSE.Sprint6.Task0.V13.csproj", "{9CD3E74F-C130-497B-86C7-BF3D53EDEDEF}"
EndProject
Project("{2150E333-8FDC-42A3-9474-1A3956D46DE8}") = "Task 2", "Task 2", "{005BDDEE-C9F1-4AAC-BF21-1D789EBBC0A7}"
EndProject
Project("{9A19103F-16F7-4668-BE54-9A1E7A4F7556}") = "Tyuiu.MironenkoSE.Sprint6.Task2.V23.Lib", "Tyuiu.MironenkoSE.Sprint6.Task2.V23.Lib\Tyuiu.MironenkoSE.Sprint6.Task2.V23.Lib.csproj", "{EE4C6D93-6D96-4A00-B148-63F2C1F35775}"
EndProject
Project("{9A19103F-16F7-4668-BE54-9A1E7A4F7556}") = "Tyuiu.MironenkoSE.Sprint6.Task2.V23", "Tyuiu.MironenkoSE.Sprint6.Task2.V23\Tyuiu.MironenkoSE.Sprint6.Task2.V23.csproj", "{D0168B8D-4E78-42A0-B45E-8DC900DE9719}"
EndProject
Project("{9A19103F-16F7-4668-BE54-9A1E7A4F7556}") = "Tyuiu.MironenkoSE.Sprint6.Task2.V23.Test", "Tyuiu.MironenkoSE.Sprint6.Task2.V23.Test\Tyuiu.MironenkoSE.Sprint6.Task2.V23.Test.csproj", "{144DB955-1280-49F2-BF8F-59685F8FBA17}"
EndProject
Project("{2150E333-8FDC-42A3-9474-1A3956D46DE8}") = "Task 1", "Task 1", "{62E54EEF-D7DC-4B8B-8BBB-665013AB5777}"
EndProject
Project("{9A19103F-16F7-4668-BE54-9A1E7A4F7556}") = "Tyuiu.MironenkoSE.Sprint6.Task1.V25.Test", "Tyuiu.MironenkoSE.Sprint6.Task1.V25.Test\Tyuiu.MironenkoSE.Sprint6.Task1.V25.Test.csproj", "{D9DD6D4F-3DAF-49BB-A393-F22ADD5F47FC}"
EndProject
Project("{9A19103F-16F7-4668-BE54-9A1E7A4F7556}") = "Tyuiu.MironenkoSE.Sprint6.Task1.V25", "Tyuiu.MironenkoSE.Sprint6.Task1.V25\Tyuiu.MironenkoSE.Sprint6.Task1.V25.csproj", "{43F4FCE0-CC34-4D50-B1C8-5A9492B12D09}"
EndProject
Project("{9A19103F-16F7-4668-BE54-9A1E7A4F7556}") = "Tyuiu.MironenkoSE.Sprint6.Task1.V25.Lib", "Tyuiu.MironenkoSE.Sprint6.Task1.V25.Lib\Tyuiu.MironenkoSE.Sprint6.Task1.V25.Lib.csproj", "{DEA48648-D08D-4682-956B-4D207C2F2B58}"
EndProject
Project("{2150E333-8FDC-42A3-9474-1A3956D46DE8}") = "Task 3", "Task 3", "{F90BE1C4-1C32-4B50-A23F-6DDD612A6026}"
EndProject
Project("{9A19103F-16F7-4668-BE54-9A1E7A4F7556}") = "Tyuiu.MironenkoSE.Sprint6.Task3.V17.Lib", "Tyuiu.MironenkoSE.Sprint6.Task3.V17.Lib\Tyuiu.MironenkoSE.Sprint6.Task3.V17.Lib.csproj", "{BD25F7B5-2876-4CCC-B1F2-6A7A6EE3F5E0}"
EndProject
Project("{9A19103F-16F7-4668-BE54-9A1E7A4F7556}") = "Tyuiu.MironenkoSE.Sprint6.Task3.V17", "Tyuiu.MironenkoSE.Sprint6.Task3.V17\Tyuiu.MironenkoSE.Sprint6.Task3.V17.csproj", "{4C606E8D-7CEB-4026-AF31-BD69BDB33B33}"
EndProject
Project("{9A19103F-16F7-4668-BE54-9A1E7A4F7556}") = "Tyuiu.MironenkoSE.Sprint6.Task3.V17.Test", "Tyuiu.MironenkoSE.Sprint6.Task3.V17.Test\Tyuiu.MironenkoSE.Sprint6.Task3.V17.Test.csproj", "{948DCEEE-2FE3-4384-9A89-72E1154AEDE6}"
EndProject
Project("{2150E333-8FDC-42A3-9474-1A3956D46DE8}") = "Task 4", "Task 4", "{599F81EA-B564-446A-B87E-480A8AD1BE0B}"
EndProject
Project("{9A19103F-16F7-4668-BE54-9A1E7A4F7556}") = "Tyuiu.MironenkoSE.Sprint6.Task4.V8.Test", "Tyuiu.MironenkoSE.Sprint6.Task4.V8.Test\Tyuiu.MironenkoSE.Sprint6.Task4.V8.Test.csproj", "{6CC23036-720B-414A-83B9-B84EF04ADAB4}"
EndProject
Project("{9A19103F-16F7-4668-BE54-9A1E7A4F7556}") = "Tyuiu.MironenkoSE.Sprint6.Task4.V8.Lib", "Tyuiu.MironenkoSE.Sprint6.Task4.V8.Lib\Tyuiu.MironenkoSE.Sprint6.Task4.V8.Lib.csproj", "{19B40329-A6EE-45D2-B987-2F6FE8EF70D4}"
EndProject
Project("{9A19103F-16F7-4668-BE54-9A1E7A4F7556}") = "Tyuiu.MironenkoSE.Sprint6.Task4.V8", "Tyuiu.MironenkoSE.Sprint6.Task4.V8\Tyuiu.MironenkoSE.Sprint6.Task4.V8.csproj", "{01035872-F93E-4928-9262-B8FB8958E9A2}"
EndProject
Project("{2150E333-8FDC-42A3-9474-1A3956D46DE8}") = "Task 5", "Task 5", "{4632FD3A-0A82-412F-AB09-35B0EF6EA279}"
EndProject
Project("{9A19103F-16F7-4668-BE54-9A1E7A4F7556}") = "Tyuiu.MironenkoSE.Sprint6.Task5.V6", "Tyuiu.MironenkoSE.Sprint6.Task5.V6\Tyuiu.MironenkoSE.Sprint6.Task5.V6.csproj", "{CD81A11D-64F8-4370-BD02-B89BE7EB7895}"
EndProject
Project("{9A19103F-16F7-4668-BE54-9A1E7A4F7556}") = "Tyuiu.MironenkoSE.Sprint6.Task5.V6.Test", "Tyuiu.MironenkoSE.Sprint6.Task5.V6.Test\Tyuiu.MironenkoSE.Sprint6.Task5.V6.Test.csproj", "{AB23EB2F-746D-43B7-99E5-69334AE56793}"
EndProject
Project("{9A19103F-16F7-4668-BE54-9A1E7A4F7556}") = "Tyuiu.MironenkoSE.Sprint6", "Tyuiu.MironenkoSE.Sprint6\Tyuiu.MironenkoSE.Sprint6.csproj", "{9F268058-E70A-4A09-8FA7-5F336F09FC02}"
EndProject
Project("{FAE04EC0-301F-11D3-BF4B-00C04F79EFBC}") = "Tyuiu.MironenkoSE.Sprint6.Task5.V6.Lib", "Tyuiu.MironenkoSE.Sprint6.Task5.V6.Lib\Tyuiu.MironenkoSE.Sprint6.Task5.V6.Lib.csproj", "{A698E399-CAB8-413A-8A31-362AC00AD4A5}"
EndProject
Global
	GlobalSection(SolutionConfigurationPlatforms) = preSolution
		Debug|Any CPU = Debug|Any CPU
		Release|Any CPU = Release|Any CPU
	EndGlobalSection
	GlobalSection(ProjectConfigurationPlatforms) = postSolution
		{822875B6-6BAE-48D4-A209-AE9A7B21AA4D}.Debug|Any CPU.ActiveCfg = Debug|Any CPU
		{822875B6-6BAE-48D4-A209-AE9A7B21AA4D}.Debug|Any CPU.Build.0 = Debug|Any CPU
		{822875B6-6BAE-48D4-A209-AE9A7B21AA4D}.Release|Any CPU.ActiveCfg = Release|Any CPU
		{822875B6-6BAE-48D4-A209-AE9A7B21AA4D}.Release|Any CPU.Build.0 = Release|Any CPU
		{D82A7AC7-1FB9-4753-AD33-6D288674640F}.Debug|Any CPU.ActiveCfg = Debug|Any CPU
		{D82A7AC7-1FB9-4753-AD33-6D288674640F}.Debug|Any CPU.Build.0 = Debug|Any CPU
		{D82A7AC7-1FB9-4753-AD33-6D288674640F}.Release|Any CPU.ActiveCfg = Release|Any CPU
		{D82A7AC7-1FB9-4753-AD33-6D288674640F}.Release|Any CPU.Build.0 = Release|Any CPU
		{9CD3E74F-C130-497B-86C7-BF3D53EDEDEF}.Debug|Any CPU.ActiveCfg = Debug|Any CPU
		{9CD3E74F-C130-497B-86C7-BF3D53EDEDEF}.Debug|Any CPU.Build.0 = Debug|Any CPU
		{9CD3E74F-C130-497B-86C7-BF3D53EDEDEF}.Release|Any CPU.ActiveCfg = Release|Any CPU
		{9CD3E74F-C130-497B-86C7-BF3D53EDEDEF}.Release|Any CPU.Build.0 = Release|Any CPU
		{EE4C6D93-6D96-4A00-B148-63F2C1F35775}.Debug|Any CPU.ActiveCfg = Debug|Any CPU
		{EE4C6D93-6D96-4A00-B148-63F2C1F35775}.Debug|Any CPU.Build.0 = Debug|Any CPU
		{EE4C6D93-6D96-4A00-B148-63F2C1F35775}.Release|Any CPU.ActiveCfg = Release|Any CPU
		{EE4C6D93-6D96-4A00-B148-63F2C1F35775}.Release|Any CPU.Build.0 = Release|Any CPU
		{D0168B8D-4E78-42A0-B45E-8DC900DE9719}.Debug|Any CPU.ActiveCfg = Debug|Any CPU
		{D0168B8D-4E78-42A0-B45E-8DC900DE9719}.Debug|Any CPU.Build.0 = Debug|Any CPU
		{D0168B8D-4E78-42A0-B45E-8DC900DE9719}.Release|Any CPU.ActiveCfg = Release|Any CPU
		{D0168B8D-4E78-42A0-B45E-8DC900DE9719}.Release|Any CPU.Build.0 = Release|Any CPU
		{144DB955-1280-49F2-BF8F-59685F8FBA17}.Debug|Any CPU.ActiveCfg = Debug|Any CPU
		{144DB955-1280-49F2-BF8F-59685F8FBA17}.Debug|Any CPU.Build.0 = Debug|Any CPU
		{144DB955-1280-49F2-BF8F-59685F8FBA17}.Release|Any CPU.ActiveCfg = Release|Any CPU
		{144DB955-1280-49F2-BF8F-59685F8FBA17}.Release|Any CPU.Build.0 = Release|Any CPU
		{D9DD6D4F-3DAF-49BB-A393-F22ADD5F47FC}.Debug|Any CPU.ActiveCfg = Debug|Any CPU
		{D9DD6D4F-3DAF-49BB-A393-F22ADD5F47FC}.Debug|Any CPU.Build.0 = Debug|Any CPU
		{D9DD6D4F-3DAF-49BB-A393-F22ADD5F47FC}.Release|Any CPU.ActiveCfg = Release|Any CPU
		{D9DD6D4F-3DAF-49BB-A393-F22ADD5F47FC}.Release|Any CPU.Build.0 = Release|Any CPU
		{43F4FCE0-CC34-4D50-B1C8-5A9492B12D09}.Debug|Any CPU.ActiveCfg = Debug|Any CPU
		{43F4FCE0-CC34-4D50-B1C8-5A9492B12D09}.Debug|Any CPU.Build.0 = Debug|Any CPU
		{43F4FCE0-CC34-4D50-B1C8-5A9492B12D09}.Release|Any CPU.ActiveCfg = Release|Any CPU
		{43F4FCE0-CC34-4D50-B1C8-5A9492B12D09}.Release|Any CPU.Build.0 = Release|Any CPU
		{DEA48648-D08D-4682-956B-4D207C2F2B58}.Debug|Any CPU.ActiveCfg = Debug|Any CPU
		{DEA48648-D08D-4682-956B-4D207C2F2B58}.Debug|Any CPU.Build.0 = Debug|Any CPU
		{DEA48648-D08D-4682-956B-4D207C2F2B58}.Release|Any CPU.ActiveCfg = Release|Any CPU
		{DEA48648-D08D-4682-956B-4D207C2F2B58}.Release|Any CPU.Build.0 = Release|Any CPU
		{BD25F7B5-2876-4CCC-B1F2-6A7A6EE3F5E0}.Debug|Any CPU.ActiveCfg = Debug|Any CPU
		{BD25F7B5-2876-4CCC-B1F2-6A7A6EE3F5E0}.Debug|Any CPU.Build.0 = Debug|Any CPU
		{BD25F7B5-2876-4CCC-B1F2-6A7A6EE3F5E0}.Release|Any CPU.ActiveCfg = Release|Any CPU
		{BD25F7B5-2876-4CCC-B1F2-6A7A6EE3F5E0}.Release|Any CPU.Build.0 = Release|Any CPU
		{4C606E8D-7CEB-4026-AF31-BD69BDB33B33}.Debug|Any CPU.ActiveCfg = Debug|Any CPU
		{4C606E8D-7CEB-4026-AF31-BD69BDB33B33}.Debug|Any CPU.Build.0 = Debug|Any CPU
		{4C606E8D-7CEB-4026-AF31-BD69BDB33B33}.Release|Any CPU.ActiveCfg = Release|Any CPU
		{4C606E8D-7CEB-4026-AF31-BD69BDB33B33}.Release|Any CPU.Build.0 = Release|Any CPU
		{948DCEEE-2FE3-4384-9A89-72E1154AEDE6}.Debug|Any CPU.ActiveCfg = Debug|Any CPU
		{948DCEEE-2FE3-4384-9A89-72E1154AEDE6}.Debug|Any CPU.Build.0 = Debug|Any CPU
		{948DCEEE-2FE3-4384-9A89-72E1154AEDE6}.Release|Any CPU.ActiveCfg = Release|Any CPU
		{948DCEEE-2FE3-4384-9A89-72E1154AEDE6}.Release|Any CPU.Build.0 = Release|Any CPU
		{6CC23036-720B-414A-83B9-B84EF04ADAB4}.Debug|Any CPU.ActiveCfg = Debug|Any CPU
		{6CC23036-720B-414A-83B9-B84EF04ADAB4}.Debug|Any CPU.Build.0 = Debug|Any CPU
		{6CC23036-720B-414A-83B9-B84EF04ADAB4}.Release|Any CPU.ActiveCfg = Release|Any CPU
		{6CC23036-720B-414A-83B9-B84EF04ADAB4}.Release|Any CPU.Build.0 = Release|Any CPU
		{19B40329-A6EE-45D2-B987-2F6FE8EF70D4}.Debug|Any CPU.ActiveCfg = Debug|Any CPU
		{19B40329-A6EE-45D2-B987-2F6FE8EF70D4}.Debug|Any CPU.Build.0 = Debug|Any CPU
		{19B40329-A6EE-45D2-B987-2F6FE8EF70D4}.Release|Any CPU.ActiveCfg = Release|Any CPU
		{19B40329-A6EE-45D2-B987-2F6FE8EF70D4}.Release|Any CPU.Build.0 = Release|Any CPU
		{01035872-F93E-4928-9262-B8FB8958E9A2}.Debug|Any CPU.ActiveCfg = Debug|Any CPU
		{01035872-F93E-4928-9262-B8FB8958E9A2}.Debug|Any CPU.Build.0 = Debug|Any CPU
		{01035872-F93E-4928-9262-B8FB8958E9A2}.Release|Any CPU.ActiveCfg = Release|Any CPU
		{01035872-F93E-4928-9262-B8FB8958E9A2}.Release|Any CPU.Build.0 = Release|Any CPU
		{CD81A11D-64F8-4370-BD02-B89BE7EB7895}.Debug|Any CPU.ActiveCfg = Debug|Any CPU
		{CD81A11D-64F8-4370-BD02-B89BE7EB7895}.Debug|Any CPU.Build.0 = Debug|Any CPU
		{CD81A11D-64F8-4370-BD02-B89BE7EB7895}.Release|Any CPU.ActiveCfg = Release|Any CPU
		{CD81A11D-64F8-4370-BD02-B89BE7EB7895}.Release|Any CPU.Build.0 = Release|Any CPU
		{AB23EB2F-746D-43B7-99E5-69334AE56793}.Debug|Any CPU.ActiveCfg = Debug|Any CPU
		{AB23EB2F-746D-43B7-99E5-69334AE56793}.Debug|Any CPU.Build.0 = Debug|Any CPU
		{AB23EB2F-746D-43B7-99E5-69334AE56793}.Release|Any CPU.ActiveCfg = Release|Any CPU
		{AB23EB2F-746D-43B7-99E5-69334AE56793}.Release|Any CPU.Build.0 = Release|Any CPU
		{9F268058-E70A-4A09-8FA7-5F336F09FC02}.Debug|Any CPU.ActiveCfg = Debug|Any CPU
		{9F268058-E70A-4A09-8FA7-5F336F09FC02}.Debug|Any CPU.Build.0 = Debug|Any CPU
		{9F268058-E70A-4A09-8FA7-5F336F09FC02}.Release|Any CPU.ActiveCfg = Release|Any CPU
		{9F268058-E70A-4A09-8FA7-5F336F09FC02}.Release|Any CPU.Build.0 = Release|Any CPU
		{A698E399-CAB8-413A-8A31-362AC00AD4A5}.Debug|Any CPU.ActiveCfg = Debug|Any CPU
		{A698E399-CAB8-413A-8A31-362AC00AD4A5}.Debug|Any CPU.Build.0 = Debug|Any CPU
		{A698E399-CAB8-413A-8A31-362AC00AD4A5}.Release|Any CPU.ActiveCfg = Release|Any CPU
		{A698E399-CAB8-413A-8A31-362AC00AD4A5}.Release|Any CPU.Build.0 = Release|Any CPU
	EndGlobalSection
	GlobalSection(SolutionProperties) = preSolution
		HideSolutionNode = FALSE
	EndGlobalSection
	GlobalSection(NestedProjects) = preSolution
		{822875B6-6BAE-48D4-A209-AE9A7B21AA4D} = {41C6A7EF-3987-4337-BC29-9D51D0141D86}
		{D82A7AC7-1FB9-4753-AD33-6D288674640F} = {41C6A7EF-3987-4337-BC29-9D51D0141D86}
		{9CD3E74F-C130-497B-86C7-BF3D53EDEDEF} = {41C6A7EF-3987-4337-BC29-9D51D0141D86}
		{EE4C6D93-6D96-4A00-B148-63F2C1F35775} = {005BDDEE-C9F1-4AAC-BF21-1D789EBBC0A7}
		{D0168B8D-4E78-42A0-B45E-8DC900DE9719} = {005BDDEE-C9F1-4AAC-BF21-1D789EBBC0A7}
		{144DB955-1280-49F2-BF8F-59685F8FBA17} = {005BDDEE-C9F1-4AAC-BF21-1D789EBBC0A7}
		{D9DD6D4F-3DAF-49BB-A393-F22ADD5F47FC} = {62E54EEF-D7DC-4B8B-8BBB-665013AB5777}
		{43F4FCE0-CC34-4D50-B1C8-5A9492B12D09} = {62E54EEF-D7DC-4B8B-8BBB-665013AB5777}
		{DEA48648-D08D-4682-956B-4D207C2F2B58} = {62E54EEF-D7DC-4B8B-8BBB-665013AB5777}
		{BD25F7B5-2876-4CCC-B1F2-6A7A6EE3F5E0} = {F90BE1C4-1C32-4B50-A23F-6DDD612A6026}
		{4C606E8D-7CEB-4026-AF31-BD69BDB33B33} = {F90BE1C4-1C32-4B50-A23F-6DDD612A6026}
		{948DCEEE-2FE3-4384-9A89-72E1154AEDE6} = {F90BE1C4-1C32-4B50-A23F-6DDD612A6026}
		{6CC23036-720B-414A-83B9-B84EF04ADAB4} = {599F81EA-B564-446A-B87E-480A8AD1BE0B}
		{19B40329-A6EE-45D2-B987-2F6FE8EF70D4} = {599F81EA-B564-446A-B87E-480A8AD1BE0B}
		{01035872-F93E-4928-9262-B8FB8958E9A2} = {599F81EA-B564-446A-B87E-480A8AD1BE0B}
		{CD81A11D-64F8-4370-BD02-B89BE7EB7895} = {4632FD3A-0A82-412F-AB09-35B0EF6EA279}
		{AB23EB2F-746D-43B7-99E5-69334AE56793} = {4632FD3A-0A82-412F-AB09-35B0EF6EA279}
		{9F268058-E70A-4A09-8FA7-5F336F09FC02} = {4632FD3A-0A82-412F-AB09-35B0EF6EA279}
		{A698E399-CAB8-413A-8A31-362AC00AD4A5} = {4632FD3A-0A82-412F-AB09-35B0EF6EA279}
	EndGlobalSection
	GlobalSection(ExtensibilityGlobals) = postSolution
		SolutionGuid = {53D12525-C0D6-446E-8D35-F7254D152647}
	EndGlobalSection
EndGlobal
